
Microsoft Visual Studio Solution File, Format Version 12.00
# Visual Studio Version 17
VisualStudioVersion = 17.0.31903.59
MinimumVisualStudioVersion = 10.0.40219.1
Project("{FAE04EC0-301F-11D3-BF4B-00C04F79EFBC}") = "API", "API\API.csproj", "{7D2F3CAC-7344-4203-A5F9-6CED254F31BD}"
EndProject
Project("{FAE04EC0-301F-11D3-BF4B-00C04F79EFBC}") = "Core", "Core\Core.csproj", "{24910397-97AB-453B-A2EC-0D1410273C30}"
EndProject
Project("{FAE04EC0-301F-11D3-BF4B-00C04F79EFBC}") = "Infrastructure", "Infrastructure\Infrastructure.csproj", "{E89186B8-00B5-409D-B9D0-EE2E109889AE}"
EndProject
Global
	GlobalSection(SolutionConfigurationPlatforms) = preSolution
		Debug|Any CPU = Debug|Any CPU
		Release|Any CPU = Release|Any CPU
	EndGlobalSection
	GlobalSection(ProjectConfigurationPlatforms) = postSolution
		{7D2F3CAC-7344-4203-A5F9-6CED254F31BD}.Debug|Any CPU.ActiveCfg = Debug|Any CPU
		{7D2F3CAC-7344-4203-A5F9-6CED254F31BD}.Debug|Any CPU.Build.0 = Debug|Any CPU
		{7D2F3CAC-7344-4203-A5F9-6CED254F31BD}.Release|Any CPU.ActiveCfg = Release|Any CPU
		{7D2F3CAC-7344-4203-A5F9-6CED254F31BD}.Release|Any CPU.Build.0 = Release|Any CPU
		{24910397-97AB-453B-A2EC-0D1410273C30}.Debug|Any CPU.ActiveCfg = Debug|Any CPU
		{24910397-97AB-453B-A2EC-0D1410273C30}.Debug|Any CPU.Build.0 = Debug|Any CPU
		{24910397-97AB-453B-A2EC-0D1410273C30}.Release|Any CPU.ActiveCfg = Release|Any CPU
		{24910397-97AB-453B-A2EC-0D1410273C30}.Release|Any CPU.Build.0 = Release|Any CPU
		{E89186B8-00B5-409D-B9D0-EE2E109889AE}.Debug|Any CPU.ActiveCfg = Debug|Any CPU
		{E89186B8-00B5-409D-B9D0-EE2E109889AE}.Debug|Any CPU.Build.0 = Debug|Any CPU
		{E89186B8-00B5-409D-B9D0-EE2E109889AE}.Release|Any CPU.ActiveCfg = Release|Any CPU
		{E89186B8-00B5-409D-B9D0-EE2E109889AE}.Release|Any CPU.Build.0 = Release|Any CPU
	EndGlobalSection
	GlobalSection(SolutionProperties) = preSolution
		HideSolutionNode = FALSE
	EndGlobalSection
EndGlobal
